
Microsoft Visual Studio Solution File, Format Version 11.00
# Visual Studio 2010
Project("{FAE04EC0-301F-11D3-BF4B-00C04F79EFBC}") = "Assembly-CSharp", "Assembly-CSharp.csproj", "{2B72AB67-6768-9615-2E2C-62DF296337EA}"
EndProject
Global
	GlobalSection(SolutionConfigurationPlatforms) = preSolution
		Debug|Any CPU = Debug|Any CPU
		Release|Any CPU = Release|Any CPU
	EndGlobalSection
	GlobalSection(ProjectConfigurationPlatforms) = postSolution
		{2B72AB67-6768-9615-2E2C-62DF296337EA}.Debug|Any CPU.ActiveCfg = Debug|Any CPU
		{2B72AB67-6768-9615-2E2C-62DF296337EA}.Debug|Any CPU.Build.0 = Debug|Any CPU
		{2B72AB67-6768-9615-2E2C-62DF296337EA}.Release|Any CPU.ActiveCfg = Release|Any CPU
		{2B72AB67-6768-9615-2E2C-62DF296337EA}.Release|Any CPU.Build.0 = Release|Any CPU
	EndGlobalSection
	GlobalSection(SolutionProperties) = preSolution
		HideSolutionNode = FALSE
	EndGlobalSection
EndGlobal
